
Microsoft Visual Studio Solution File, Format Version 12.00
# SQL Server Management Studio Version 21
VisualStudioVersion = 17.14.36603.0
MinimumVisualStudioVersion = 10.0.40219.1
Project("{4F2E2C19-372F-40D8-9FA7-9D2138C6997A}") = "PFC-SS", "PFC-SS.ssmssqlproj", "{42A6C298-0098-E323-04C1-B0DE7B5BDD25}"
EndProject
Global
	GlobalSection(SolutionConfigurationPlatforms) = preSolution
		Default|Default = Default|Default
	EndGlobalSection
	GlobalSection(ProjectConfigurationPlatforms) = postSolution
		{42A6C298-0098-E323-04C1-B0DE7B5BDD25}.Default|Default.ActiveCfg = Default
		{CB7ACCE7-3266-4C90-9741-2F18812DA81F}.Default|Default.ActiveCfg = Default
	EndGlobalSection
	GlobalSection(SolutionProperties) = preSolution
		HideSolutionNode = FALSE
	EndGlobalSection
	GlobalSection(ExtensibilityGlobals) = postSolution
		SolutionGuid = {BB0EB227-D08C-47DC-BF25-F936B9C818AD}
	EndGlobalSection
EndGlobal
